
Microsoft Visual Studio Solution File, Format Version 12.00
# Visual Studio Version 17
VisualStudioVersion = 17.14.36705.20
MinimumVisualStudioVersion = 10.0.40219.1
Project("{FAE04EC0-301F-11D3-BF4B-00C04F79EFBC}") = "ChatApp", "internship\ChatApp.csproj", "{EB329866-561B-4C7E-B1DF-BFDC041960D5}"
	ProjectSection(ProjectDependencies) = postProject
		{75AFA0D3-7E20-4DDC-BFF4-3DADEE812744} = {75AFA0D3-7E20-4DDC-BFF4-3DADEE812744}
	EndProjectSection
EndProject
Project("{FAE04EC0-301F-11D3-BF4B-00C04F79EFBC}") = "Entities", "Entities\Entities.csproj", "{3220EEE1-14E4-4DC1-B3C0-51DC52883313}"
EndProject
Project("{FAE04EC0-301F-11D3-BF4B-00C04F79EFBC}") = "Repository", "Repository\Repository.csproj", "{AB6E9BD1-F411-4732-9508-3689992A576D}"
	ProjectSection(ProjectDependencies) = postProject
		{3220EEE1-14E4-4DC1-B3C0-51DC52883313} = {3220EEE1-14E4-4DC1-B3C0-51DC52883313}
	EndProjectSection
EndProject
Project("{FAE04EC0-301F-11D3-BF4B-00C04F79EFBC}") = "Services", "Services\Services.csproj", "{78CC421B-EE1D-41D7-BEF4-E084D2A47A38}"
	ProjectSection(ProjectDependencies) = postProject
		{AB6E9BD1-F411-4732-9508-3689992A576D} = {AB6E9BD1-F411-4732-9508-3689992A576D}
	EndProjectSection
EndProject
Project("{FAE04EC0-301F-11D3-BF4B-00C04F79EFBC}") = "Shared", "Shared\Shared.csproj", "{75AFA0D3-7E20-4DDC-BFF4-3DADEE812744}"
EndProject
Global
	GlobalSection(SolutionConfigurationPlatforms) = preSolution
		Debug|Any CPU = Debug|Any CPU
		Release|Any CPU = Release|Any CPU
	EndGlobalSection
	GlobalSection(ProjectConfigurationPlatforms) = postSolution
		{EB329866-561B-4C7E-B1DF-BFDC041960D5}.Debug|Any CPU.ActiveCfg = Debug|Any CPU
		{EB329866-561B-4C7E-B1DF-BFDC041960D5}.Debug|Any CPU.Build.0 = Debug|Any CPU
		{EB329866-561B-4C7E-B1DF-BFDC041960D5}.Release|Any CPU.ActiveCfg = Release|Any CPU
		{EB329866-561B-4C7E-B1DF-BFDC041960D5}.Release|Any CPU.Build.0 = Release|Any CPU
		{3220EEE1-14E4-4DC1-B3C0-51DC52883313}.Debug|Any CPU.ActiveCfg = Debug|Any CPU
		{3220EEE1-14E4-4DC1-B3C0-51DC52883313}.Debug|Any CPU.Build.0 = Debug|Any CPU
		{3220EEE1-14E4-4DC1-B3C0-51DC52883313}.Release|Any CPU.ActiveCfg = Release|Any CPU
		{3220EEE1-14E4-4DC1-B3C0-51DC52883313}.Release|Any CPU.Build.0 = Release|Any CPU
		{AB6E9BD1-F411-4732-9508-3689992A576D}.Debug|Any CPU.ActiveCfg = Debug|Any CPU
		{AB6E9BD1-F411-4732-9508-3689992A576D}.Debug|Any CPU.Build.0 = Debug|Any CPU
		{AB6E9BD1-F411-4732-9508-3689992A576D}.Release|Any CPU.ActiveCfg = Release|Any CPU
		{AB6E9BD1-F411-4732-9508-3689992A576D}.Release|Any CPU.Build.0 = Release|Any CPU
		{78CC421B-EE1D-41D7-BEF4-E084D2A47A38}.Debug|Any CPU.ActiveCfg = Debug|Any CPU
		{78CC421B-EE1D-41D7-BEF4-E084D2A47A38}.Debug|Any CPU.Build.0 = Debug|Any CPU
		{78CC421B-EE1D-41D7-BEF4-E084D2A47A38}.Release|Any CPU.ActiveCfg = Release|Any CPU
		{78CC421B-EE1D-41D7-BEF4-E084D2A47A38}.Release|Any CPU.Build.0 = Release|Any CPU
		{75AFA0D3-7E20-4DDC-BFF4-3DADEE812744}.Debug|Any CPU.ActiveCfg = Debug|Any CPU
		{75AFA0D3-7E20-4DDC-BFF4-3DADEE812744}.Debug|Any CPU.Build.0 = Debug|Any CPU
		{75AFA0D3-7E20-4DDC-BFF4-3DADEE812744}.Release|Any CPU.ActiveCfg = Release|Any CPU
		{75AFA0D3-7E20-4DDC-BFF4-3DADEE812744}.Release|Any CPU.Build.0 = Release|Any CPU
	EndGlobalSection
	GlobalSection(SolutionProperties) = preSolution
		HideSolutionNode = FALSE
	EndGlobalSection
	GlobalSection(ExtensibilityGlobals) = postSolution
		SolutionGuid = {E016D5D5-54FD-4B72-91C5-A62E0CBB29A9}
	EndGlobalSection
EndGlobal
